github.com/fandazky/go-module-introduction v1.0.0 h1:mKGVOoMGBlYzwzWGaskscUxSk2MsChBFXfNxBg2hbHM=
github.com/fandazky/go-module-introduction v1.0.0/go.mod h1:aOFIU1B8BcrsTMFvUVD1aTEh1SfXUuvIKkVG96gsbQ8=
github.com/fandazky/go-module-introduction v1.1.0 h1:6eygh7RzWPH7z3mB697Ce+BJ9uL8iQSvKJ21Nf9huME=
github.com/fandazky/go-module-introduction v1.1.0/go.mod h1:aOFIU1B8BcrsTMFvUVD1aTEh1SfXUuvIKkVG96gsbQ8=
